
Microsoft Visual Studio Solution File, Format Version 12.00
# Visual Studio 15
VisualStudioVersion = 15.0.26730.12
MinimumVisualStudioVersion = 10.0.40219.1
Project("{FAE04EC0-301F-11D3-BF4B-00C04F79EFBC}") = "XMLMaker", "XMLMaker\XMLMaker.csproj", "{338F77FA-D790-4DF0-9D40-673D1FFFC76E}"
EndProject
Global
	GlobalSection(SolutionConfigurationPlatforms) = preSolution
		Debug|Any CPU = Debug|Any CPU
		Release|Any CPU = Release|Any CPU
	EndGlobalSection
	GlobalSection(ProjectConfigurationPlatforms) = postSolution
		{338F77FA-D790-4DF0-9D40-673D1FFFC76E}.Debug|Any CPU.ActiveCfg = Debug|Any CPU
		{338F77FA-D790-4DF0-9D40-673D1FFFC76E}.Debug|Any CPU.Build.0 = Debug|Any CPU
		{338F77FA-D790-4DF0-9D40-673D1FFFC76E}.Release|Any CPU.ActiveCfg = Release|Any CPU
		{338F77FA-D790-4DF0-9D40-673D1FFFC76E}.Release|Any CPU.Build.0 = Release|Any CPU
	EndGlobalSection
	GlobalSection(SolutionProperties) = preSolution
		HideSolutionNode = FALSE
	EndGlobalSection
	GlobalSection(ExtensibilityGlobals) = postSolution
		SolutionGuid = {94917277-002C-46B3-8949-634E1B207654}
	EndGlobalSection
EndGlobal
